
Microsoft Visual Studio Solution File, Format Version 12.00
# Visual Studio Version 16
VisualStudioVersion = 16.0.29609.76
MinimumVisualStudioVersion = 10.0.40219.1
Project("{9A19103F-16F7-4668-BE54-9A1E7A4F7556}") = "CSAudioTool", "CSAudioTool.csproj", "{AE2B0F46-EB7A-4A77-9CB6-C722C260AE93}"
EndProject
Global
	GlobalSection(SolutionConfigurationPlatforms) = preSolution
		Debug|Any CPU = Debug|Any CPU
		Release|Any CPU = Release|Any CPU
	EndGlobalSection
	GlobalSection(ProjectConfigurationPlatforms) = postSolution
		{AE2B0F46-EB7A-4A77-9CB6-C722C260AE93}.Debug|Any CPU.ActiveCfg = Debug|Any CPU
		{AE2B0F46-EB7A-4A77-9CB6-C722C260AE93}.Debug|Any CPU.Build.0 = Debug|Any CPU
		{AE2B0F46-EB7A-4A77-9CB6-C722C260AE93}.Release|Any CPU.ActiveCfg = Release|Any CPU
		{AE2B0F46-EB7A-4A77-9CB6-C722C260AE93}.Release|Any CPU.Build.0 = Release|Any CPU
	EndGlobalSection
	GlobalSection(SolutionProperties) = preSolution
		HideSolutionNode = FALSE
	EndGlobalSection
	GlobalSection(ExtensibilityGlobals) = postSolution
		SolutionGuid = {079146D2-C997-43BC-B833-3FEBCDECE15D}
	EndGlobalSection
EndGlobal
